
Microsoft Visual Studio Solution File, Format Version 12.00
# Visual Studio Version 16
VisualStudioVersion = 16.0.29209.62
MinimumVisualStudioVersion = 10.0.40219.1
Project("{FAE04EC0-301F-11D3-BF4B-00C04F79EFBC}") = "ProjetoJe", "ProjetoJe\ProjetoJe.csproj", "{21FB8369-E09F-4668-9E69-087E5B06C442}"
EndProject
Global
	GlobalSection(SolutionConfigurationPlatforms) = preSolution
		Debug|Any CPU = Debug|Any CPU
		Release|Any CPU = Release|Any CPU
	EndGlobalSection
	GlobalSection(ProjectConfigurationPlatforms) = postSolution
		{21FB8369-E09F-4668-9E69-087E5B06C442}.Debug|Any CPU.ActiveCfg = Debug|Any CPU
		{21FB8369-E09F-4668-9E69-087E5B06C442}.Debug|Any CPU.Build.0 = Debug|Any CPU
		{21FB8369-E09F-4668-9E69-087E5B06C442}.Release|Any CPU.ActiveCfg = Release|Any CPU
		{21FB8369-E09F-4668-9E69-087E5B06C442}.Release|Any CPU.Build.0 = Release|Any CPU
	EndGlobalSection
	GlobalSection(SolutionProperties) = preSolution
		HideSolutionNode = FALSE
	EndGlobalSection
	GlobalSection(ExtensibilityGlobals) = postSolution
		SolutionGuid = {0546A82B-CCD7-4447-83F7-6F0689C82C0A}
	EndGlobalSection
EndGlobal
